// !$*UTF8*$!
{
	archiveVersion = 1;
	classes = {
	};
	objectVersion = 46;
	objects = {

/* Begin PBXBuildFile section */
		5037B7571B29012B003E8C7C /* AppDelegate.swift in Sources */ = {isa = PBXBuildFile; fileRef = 5037B7561B29012B003E8C7C /* AppDelegate.swift */; };
		5037B7591B29012B003E8C7C /* MasterViewController.swift in Sources */ = {isa = PBXBuildFile; fileRef = 5037B7581B29012B003E8C7C /* MasterViewController.swift */; };
		5037B75B1B29012B003E8C7C /* DetailViewController.swift in Sources */ = {isa = PBXBuildFile; fileRef = 5037B75A1B29012B003E8C7C /* DetailViewController.swift */; };
		5037B75E1B29012B003E8C7C /* Main.storyboard in Resources */ = {isa = PBXBuildFile; fileRef = 5037B75C1B29012B003E8C7C /* Main.storyboard */; };
		5037B7601B29012C003E8C7C /* Images.xcassets in Resources */ = {isa = PBXBuildFile; fileRef = 5037B75F1B29012C003E8C7C /* Images.xcassets */; };
		5037B7631B29012C003E8C7C /* LaunchScreen.xib in Resources */ = {isa = PBXBuildFile; fileRef = 5037B7611B29012C003E8C7C /* LaunchScreen.xib */; };
		5037B76F1B29012C003E8C7C /* ParseJsonDemoTests.swift in Sources */ = {isa = PBXBuildFile; fileRef = 5037B76E1B29012C003E8C7C /* ParseJsonDemoTests.swift */; };
		5037B7791B291FB7003E8C7C /* LocationManager.swift in Sources */ = {isa = PBXBuildFile; fileRef = 5037B7781B291FB7003E8C7C /* LocationManager.swift */; };
/* End PBXBuildFile section */

/* Begin PBXContainerItemProxy section */
		5037B7691B29012C003E8C7C /* PBXContainerItemProxy */ = {
			isa = PBXContainerItemProxy;
			containerPortal = 5037B7491B29012B003E8C7C /* Project object */;
			proxyType = 1;
			remoteGlobalIDString = 5037B7501B29012B003E8C7C;
			remoteInfo = ParseJsonDemo;
		};
/* End PBXContainerItemProxy section */

/* Begin PBXFileReference section */
		5037B7511B29012B003E8C7C /* ParseJsonDemo.app */ = {isa = PBXFileReference; explicitFileType = wrapper.application; includeInIndex = 0; path = ParseJsonDemo.app; sourceTree = BUILT_PRODUCTS_DIR; };
		5037B7551B29012B003E8C7C /* Info.plist */ = {isa = PBXFileReference; lastKnownFileType = text.plist.xml; path = Info.plist; sourceTree = "<group>"; };
		5037B7561B29012B003E8C7C /* AppDelegate.swift */ = {isa = PBXFileReference; lastKnownFileType = sourcecode.swift; path = AppDelegate.swift; sourceTree = "<group>"; };
		5037B7581B29012B003E8C7C /* MasterViewController.swift */ = {isa = PBXFileReference; lastKnownFileType = sourcecode.swift; path = MasterViewController.swift; sourceTree = "<group>"; };
		5037B75A1B29012B003E8C7C /* DetailViewController.swift */ = {isa = PBXFileReference; lastKnownFileType = sourcecode.swift; path = DetailViewController.swift; sourceTree = "<group>"; };
		5037B75D1B29012B003E8C7C /* Base */ = {isa = PBXFileReference; lastKnownFileType = file.storyboard; name = Base; path = Base.lproj/Main.storyboard; sourceTree = "<group>"; };
		5037B75F1B29012C003E8C7C /* Images.xcassets */ = {isa = PBXFileReference; lastKnownFileType = folder.assetcatalog; path = Images.xcassets; sourceTree = "<group>"; };
		5037B7621B29012C003E8C7C /* Base */ = {isa = PBXFileReference; lastKnownFileType = file.xib; name = Base; path = Base.lproj/LaunchScreen.xib; sourceTree = "<group>"; };
		5037B7681B29012C003E8C7C /* ParseJsonDemoTests.xctest */ = {isa = PBXFileReference; explicitFileType = wrapper.cfbundle; includeInIndex = 0; path = ParseJsonDemoTests.xctest; sourceTree = BUILT_PRODUCTS_DIR; };
		5037B76D1B29012C003E8C7C /* Info.plist */ = {isa = PBXFileReference; lastKnownFileType = text.plist.xml; path = Info.plist; sourceTree = "<group>"; };
		5037B76E1B29012C003E8C7C /* ParseJsonDemoTests.swift */ = {isa = PBXFileReference; lastKnownFileType = sourcecode.swift; path = ParseJsonDemoTests.swift; sourceTree = "<group>"; };
		5037B7781B291FB7003E8C7C /* LocationManager.swift */ = {isa = PBXFileReference; fileEncoding = 4; lastKnownFileType = sourcecode.swift; path = LocationManager.swift; sourceTree = "<group>"; };
/* End PBXFileReference section */

/* Begin PBXFrameworksBuildPhase section */
		5037B74E1B29012B003E8C7C /* Frameworks */ = {
			isa = PBXFrameworksBuildPhase;
			buildActionMask = 2147483647;
			files = (
			);
			runOnlyForDeploymentPostprocessing = 0;
		};
		5037B7651B29012C003E8C7C /* Frameworks */ = {
			isa = PBXFrameworksBuildPhase;
			buildActionMask = 2147483647;
			files = (
			);
			runOnlyForDeploymentPostprocessing = 0;
		};
/* End PBXFrameworksBuildPhase section */

/* Begin PBXGroup section */
		5037B7481B29012B003E8C7C = {
			isa = PBXGroup;
			children = (
				5037B7531B29012B003E8C7C /* ParseJsonDemo */,
				5037B76B1B29012C003E8C7C /* ParseJsonDemoTests */,
				5037B7521B29012B003E8C7C /* Products */,
			);
			sourceTree = "<group>";
		};
		5037B7521B29012B003E8C7C /* Products */ = {
			isa = PBXGroup;
			children = (
				5037B7511B29012B003E8C7C /* ParseJsonDemo.app */,
				5037B7681B29012C003E8C7C /* ParseJsonDemoTests.xctest */,
			);
			name = Products;
			sourceTree = "<group>";
		};
		5037B7531B29012B003E8C7C /* ParseJsonDemo */ = {
			isa = PBXGroup;
			children = (
				5037B7781B291FB7003E8C7C /* LocationManager.swift */,
				5037B7561B29012B003E8C7C /* AppDelegate.swift */,
				5037B7581B29012B003E8C7C /* MasterViewController.swift */,
				5037B75A1B29012B003E8C7C /* DetailViewController.swift */,
				5037B75C1B29012B003E8C7C /* Main.storyboard */,
				5037B75F1B29012C003E8C7C /* Images.xcassets */,
				5037B7611B29012C003E8C7C /* LaunchScreen.xib */,
				5037B7541B29012B003E8C7C /* Supporting Files */,
			);
			path = ParseJsonDemo;
			sourceTree = "<group>";
		};
		5037B7541B29012B003E8C7C /* Supporting Files */ = {
			isa = PBXGroup;
			children = (
				5037B7551B29012B003E8C7C /* Info.plist */,
			);
			name = "Supporting Files";
			sourceTree = "<group>";
		};
		5037B76B1B29012C003E8C7C /* ParseJsonDemoTests */ = {
			isa = PBXGroup;
			children = (
				5037B76E1B29012C003E8C7C /* ParseJsonDemoTests.swift */,
				5037B76C1B29012C003E8C7C /* Supporting Files */,
			);
			path = ParseJsonDemoTests;
			sourceTree = "<group>";
		};
		5037B76C1B29012C003E8C7C /* Supporting Files */ = {
			isa = PBXGroup;
			children = (
				5037B76D1B29012C003E8C7C /* Info.plist */,
			);
			name = "Supporting Files";
			sourceTree = "<group>";
		};
/* End PBXGroup section */

/* Begin PBXNativeTarget section */
		5037B7501B29012B003E8C7C /* ParseJsonDemo */ = {
			isa = PBXNativeTarget;
			buildConfigurationList = 5037B7721B29012C003E8C7C /* Build configuration list for PBXNativeTarget "ParseJsonDemo" */;
			buildPhases = (
				5037B74D1B29012B003E8C7C /* Sources */,
				5037B74E1B29012B003E8C7C /* Frameworks */,
				5037B74F1B29012B003E8C7C /* Resources */,
			);
			buildRules = (
			);
			dependencies = (
			);
			name = ParseJsonDemo;
			productName = ParseJsonDemo;
			productReference = 5037B7511B29012B003E8C7C /* ParseJsonDemo.app */;
			productType = "com.apple.product-type.application";
		};
		5037B7671B29012C003E8C7C /* ParseJsonDemoTests */ = {
			isa = PBXNativeTarget;
			buildConfigurationList = 5037B7751B29012C003E8C7C /* Build configuration list for PBXNativeTarget "ParseJsonDemoTests" */;
			buildPhases = (
				5037B7641B29012C003E8C7C /* Sources */,
				5037B7651B29012C003E8C7C /* Frameworks */,
				5037B7661B29012C003E8C7C /* Resources */,
			);
			buildRules = (
			);
			dependencies = (
				5037B76A1B29012C003E8C7C /* PBXTargetDependency */,
			);
			name = ParseJsonDemoTests;
			productName = ParseJsonDemoTests;
			productReference = 5037B7681B29012C003E8C7C /* ParseJsonDemoTests.xctest */;
			productType = "com.apple.product-type.bundle.unit-test";
		};
/* End PBXNativeTarget section */

/* Begin PBXProject section */
		5037B7491B29012B003E8C7C /* Project object */ = {
			isa = PBXProject;
			attributes = {
				LastUpgradeCheck = 0630;
				ORGANIZATIONNAME = qingjiezhao;
				TargetAttributes = {
					5037B7501B29012B003E8C7C = {
						CreatedOnToolsVersion = 6.3.1;
					};
					5037B7671B29012C003E8C7C = {
						CreatedOnToolsVersion = 6.3.1;
						TestTargetID = 5037B7501B29012B003E8C7C;
					};
				};
			};
			buildConfigurationList = 5037B74C1B29012B003E8C7C /* Build configuration list for PBXProject "ParseJsonDemo" */;
			compatibilityVersion = "Xcode 3.2";
			developmentRegion = English;
			hasScannedForEncodings = 0;
			knownRegions = (
				en,
				Base,
			);
			mainGroup = 5037B7481B29012B003E8C7C;
			productRefGroup = 5037B7521B29012B003E8C7C /* Products */;
			projectDirPath = "";
			projectRoot = "";
			targets = (
				5037B7501B29012B003E8C7C /* ParseJsonDemo */,
				5037B7671B29012C003E8C7C /* ParseJsonDemoTests */,
			);
		};
/* End PBXProject section */

/* Begin PBXResourcesBuildPhase section */
		5037B74F1B29012B003E8C7C /* Resources */ = {
			isa = PBXResourcesBuildPhase;
			buildActionMask = 2147483647;
			files = (
				5037B75E1B29012B003E8C7C /* Main.storyboard in Resources */,
				5037B7631B29012C003E8C7C /* LaunchScreen.xib in Resources */,
				5037B7601B29012C003E8C7C /* Images.xcassets in Resources */,
			);
			runOnlyForDeploymentPostprocessing = 0;
		};
		5037B7661B29012C003E8C7C /* Resources */ = {
			isa = PBXResourcesBuildPhase;
			buildActionMask = 2147483647;
			files = (
			);
			runOnlyForDeploymentPostprocessing = 0;
		};
/* End PBXResourcesBuildPhase section */

/* Begin PBXSourcesBuildPhase section */
		5037B74D1B29012B003E8C7C /* Sources */ = {
			isa = PBXSourcesBuildPhase;
			buildActionMask = 2147483647;
			files = (
				5037B7791B291FB7003E8C7C /* LocationManager.swift in Sources */,
				5037B75B1B29012B003E8C7C /* DetailViewController.swift in Sources */,
				5037B7591B29012B003E8C7C /* MasterViewController.swift in Sources */,
				5037B7571B29012B003E8C7C /* AppDelegate.swift in Sources */,
			);
			runOnlyForDeploymentPostprocessing = 0;
		};
		5037B7641B29012C003E8C7C /* Sources */ = {
			isa = PBXSourcesBuildPhase;
			buildActionMask = 2147483647;
			files = (
				5037B76F1B29012C003E8C7C /* ParseJsonDemoTests.swift in Sources */,
			);
			runOnlyForDeploymentPostprocessing = 0;
		};
/* End PBXSourcesBuildPhase section */

/* Begin PBXTargetDependency section */
		5037B76A1B29012C003E8C7C /* PBXTargetDependency */ = {
			isa = PBXTargetDependency;
			target = 5037B7501B29012B003E8C7C /* ParseJsonDemo */;
			targetProxy = 5037B7691B29012C003E8C7C /* PBXContainerItemProxy */;
		};
/* End PBXTargetDependency section */

/* Begin PBXVariantGroup section */
		5037B75C1B29012B003E8C7C /* Main.storyboard */ = {
			isa = PBXVariantGroup;
			children = (
				5037B75D1B29012B003E8C7C /* Base */,
			);
			name = Main.storyboard;
			sourceTree = "<group>";
		};
		5037B7611B29012C003E8C7C /* LaunchScreen.xib */ = {
			isa = PBXVariantGroup;
			children = (
				5037B7621B29012C003E8C7C /* Base */,
			);
			name = LaunchScreen.xib;
			sourceTree = "<group>";
		};
/* End PBXVariantGroup section */

/* Begin XCBuildConfiguration section */
		5037B7701B29012C003E8C7C /* Debug */ = {
			isa = XCBuildConfiguration;
			buildSettings = {
				ALWAYS_SEARCH_USER_PATHS = NO;
				CLANG_CXX_LANGUAGE_STANDARD = "gnu++0x";
				CLANG_CXX_LIBRARY = "libc++";
				CLANG_ENABLE_MODULES = YES;
				CLANG_ENABLE_OBJC_ARC = YES;
				CLANG_WARN_BOOL_CONVERSION = YES;
				CLANG_WARN_CONSTANT_CONVERSION = YES;
				CLANG_WARN_DIRECT_OBJC_ISA_USAGE = YES_ERROR;
				CLANG_WARN_EMPTY_BODY = YES;
				CLANG_WARN_ENUM_CONVERSION = YES;
				CLANG_WARN_INT_CONVERSION = YES;
				CLANG_WARN_OBJC_ROOT_CLASS = YES_ERROR;
				CLANG_WARN_UNREACHABLE_CODE = YES;
				CLANG_WARN__DUPLICATE_METHOD_MATCH = YES;
				"CODE_SIGN_IDENTITY[sdk=iphoneos*]" = "iPhone Developer";
				COPY_PHASE_STRIP = NO;
				DEBUG_INFORMATION_FORMAT = "dwarf-with-dsym";
				ENABLE_STRICT_OBJC_MSGSEND = YES;
				GCC_C_LANGUAGE_STANDARD = gnu99;
				GCC_DYNAMIC_NO_PIC = NO;
				GCC_NO_COMMON_BLOCKS = YES;
				GCC_OPTIMIZATION_LEVEL = 0;
				GCC_PREPROCESSOR_DEFINITIONS = (
					"DEBUG=1",
					"$(inherited)",
				);
				GCC_SYMBOLS_PRIVATE_EXTERN = NO;
				GCC_WARN_64_TO_32_BIT_CONVERSION = YES;
				GCC_WARN_ABOUT_RETURN_TYPE = YES_ERROR;
				GCC_WARN_UNDECLARED_SELECTOR = YES;
				GCC_WARN_UNINITIALIZED_AUTOS = YES_AGGRESSIVE;
				GCC_WARN_UNUSED_FUNCTION = YES;
				GCC_WARN_UNUSED_VARIABLE = YES;
				IPHONEOS_DEPLOYMENT_TARGET = 8.3;
				MTL_ENABLE_DEBUG_INFO = YES;
				ONLY_ACTIVE_ARCH = YES;
				SDKROOT = iphoneos;
				SWIFT_OPTIMIZATION_LEVEL = "-Onone";
			};
			name = Debug;
		};
		5037B7711B29012C003E8C7C /* Release */ = {
			isa = XCBuildConfiguration;
			buildSettings = {
				ALWAYS_SEARCH_USER_PATHS = NO;
				CLANG_CXX_LANGUAGE_STANDARD = "gnu++0x";
				CLANG_CXX_LIBRARY = "libc++";
				CLANG_ENABLE_MODULES = YES;
				CLANG_ENABLE_OBJC_ARC = YES;
				CLANG_WARN_BOOL_CONVERSION = YES;
				CLANG_WARN_CONSTANT_CONVERSION = YES;
				CLANG_WARN_DIRECT_OBJC_ISA_USAGE = YES_ERROR;
				CLANG_WARN_EMPTY_BODY = YES;
				CLANG_WARN_ENUM_CONVERSION = YES;
				CLANG_WARN_INT_CONVERSION = YES;
				CLANG_WARN_OBJC_ROOT_CLASS = YES_ERROR;
				CLANG_WARN_UNREACHABLE_CODE = YES;
				CLANG_WARN__DUPLICATE_METHOD_MATCH = YES;
				"CODE_SIGN_IDENTITY[sdk=iphoneos*]" = "iPhone Developer";
				COPY_PHASE_STRIP = NO;
				DEBUG_INFORMATION_FORMAT = "dwarf-with-dsym";
				ENABLE_NS_ASSERTIONS = NO;
				ENABLE_STRICT_OBJC_MSGSEND = YES;
				GCC_C_LANGUAGE_STANDARD = gnu99;
				GCC_NO_COMMON_BLOCKS = YES;
				GCC_WARN_64_TO_32_BIT_CONVERSION = YES;
				GCC_WARN_ABOUT_RETURN_TYPE = YES_ERROR;
				GCC_WARN_UNDECLARED_SELECTOR = YES;
				GCC_WARN_UNINITIALIZED_AUTOS = YES_AGGRESSIVE;
				GCC_WARN_UNUSED_FUNCTION = YES;
				GCC_WARN_UNUSED_VARIABLE = YES;
				IPHONEOS_DEPLOYMENT_TARGET = 8.3;
				MTL_ENABLE_DEBUG_INFO = NO;
				SDKROOT = iphoneos;
				VALIDATE_PRODUCT = YES;
			};
			name = Release;
		};
		5037B7731B29012C003E8C7C /* Debug */ = {
			isa = XCBuildConfiguration;
			buildSettings = {
				ASSETCATALOG_COMPILER_APPICON_NAME = AppIcon;
				INFOPLIST_FILE = ParseJsonDemo/Info.plist;
				LD_RUNPATH_SEARCH_PATHS = "$(inherited) @executable_path/Frameworks";
				PRODUCT_NAME = "$(TARGET_NAME)";
			};
			name = Debug;
		};
		5037B7741B29012C003E8C7C /* Release */ = {
			isa = XCBuildConfiguration;
			buildSettings = {
				ASSETCATALOG_COMPILER_APPICON_NAME = AppIcon;
				INFOPLIST_FILE = ParseJsonDemo/Info.plist;
				LD_RUNPATH_SEARCH_PATHS = "$(inherited) @executable_path/Frameworks";
				PRODUCT_NAME = "$(TARGET_NAME)";
			};
			name = Release;
		};
		5037B7761B29012C003E8C7C /* Debug */ = {
			isa = XCBuildConfiguration;
			buildSettings = {
				BUNDLE_LOADER = "$(TEST_HOST)";
				FRAMEWORK_SEARCH_PATHS = (
					"$(SDKROOT)/Developer/Library/Frameworks",
					"$(inherited)",
				);
				GCC_PREPROCESSOR_DEFINITIONS = (
					"DEBUG=1",
					"$(inherited)",
				);
				INFOPLIST_FILE = ParseJsonDemoTests/Info.plist;
				LD_RUNPATH_SEARCH_PATHS = "$(inherited) @executable_path/Frameworks @loader_path/Frameworks";
				PRODUCT_NAME = "$(TARGET_NAME)";
				TEST_HOST = "$(BUILT_PRODUCTS_DIR)/ParseJsonDemo.app/ParseJsonDemo";
			};
			name = Debug;
		};
		5037B7771B29012C003E8C7C /* Release */ = {
			isa = XCBuildConfiguration;
			buildSettings = {
				BUNDLE_LOADER = "$(TEST_HOST)";
				FRAMEWORK_SEARCH_PATHS = (
					"$(SDKROOT)/Developer/Library/Frameworks",
					"$(inherited)",
				);
				INFOPLIST_FILE = ParseJsonDemoTests/Info.plist;
				LD_RUNPATH_SEARCH_PATHS = "$(inherited) @executable_path/Frameworks @loader_path/Frameworks";
				PRODUCT_NAME = "$(TARGET_NAME)";
				TEST_HOST = "$(BUILT_PRODUCTS_DIR)/ParseJsonDemo.app/ParseJsonDemo";
			};
			name = Release;
		};
/* End XCBuildConfiguration section */

/* Begin XCConfigurationList section */
		5037B74C1B29012B003E8C7C /* Build configuration list for PBXProject "ParseJsonDemo" */ = {
			isa = XCConfigurationList;
			buildConfigurations = (
				5037B7701B29012C003E8C7C /* Debug */,
				5037B7711B29012C003E8C7C /* Release */,
			);
			defaultConfigurationIsVisible = 0;
			defaultConfigurationName = Release;
		};
		5037B7721B29012C003E8C7C /* Build configuration list for PBXNativeTarget "ParseJsonDemo" */ = {
			isa = XCConfigurationList;
			buildConfigurations = (
				5037B7731B29012C003E8C7C /* Debug */,
				5037B7741B29012C003E8C7C /* Release */,
			);
			defaultConfigurationIsVisible = 0;
		};
		5037B7751B29012C003E8C7C /* Build configuration list for PBXNativeTarget "ParseJsonDemoTests" */ = {
			isa = XCConfigurationList;
			buildConfigurations = (
				5037B7761B29012C003E8C7C /* Debug */,
				5037B7771B29012C003E8C7C /* Release */,
			);
			defaultConfigurationIsVisible = 0;
		};
/* End XCConfigurationList section */
	};
	rootObject = 5037B7491B29012B003E8C7C /* Project object */;
}
